{
    "name": "gpgpu",
    "version": "1.0.0",
    "lockfileVersion": 1,
    "requires": true,
    "dependencies": {
        "@types/esprima": {
            "version": "4.0.2",
            "resolved": "https://registry.npmjs.org/@types/esprima/-/esprima-4.0.2.tgz",
            "integrity": "sha512-DKqdyuy7Go7ir6iKhZ0jUvgt/h9Q5zb9xS+fLeeXD2QSHv8gC6TimgujBBGfw8dHrpx4+u2HlMv7pkYOOfuUqg==",
            "dev": true,
            "requires": {
                "@types/estree": "*"
            }
        },
        "@types/esprima-walk": {
            "version": "0.1.1",
            "resolved": "https://registry.npmjs.org/@types/esprima-walk/-/esprima-walk-0.1.1.tgz",
            "integrity": "sha1-8CxuBpIf/X8klViVKiGf70ClM18=",
            "dev": true,
            "requires": {
                "@types/estree": "*"
            }
        },
        "@types/estree": {
            "version": "0.0.45",
            "resolved": "https://registry.npmjs.org/@types/estree/-/estree-0.0.45.tgz",
            "integrity": "sha512-jnqIUKDUqJbDIUxm0Uj7bnlMnRm1T/eZ9N+AVMqhPgzrba2GhGG5o/jCTwmdPK709nEZsGoMzXEDUjcXHa3W0g==",
            "dev": true
        },
        "@types/node": {
            "version": "7.10.11",
            "resolved": "https://registry.npmjs.org/@types/node/-/node-7.10.11.tgz",
            "integrity": "sha512-uEqP1HlJFhsgD8DOBFdC72/5selvor0mzdQY97zlyo8Q6qPl849cFBWkNpgTXw3jIvb7iNyWsId51/A8HYKzbQ==",
            "dev": true
        },
        "acorn": {
            "version": "7.4.0",
            "resolved": "https://registry.npmjs.org/acorn/-/acorn-7.4.0.tgz",
            "integrity": "sha512-+G7P8jJmCHr+S+cLfQxygbWhXy+8YTVGzAkpEbcLo2mLoL7tij/VG41QSHACSf5QgYRhMZYHuNc6drJaO0Da+w=="
        },
        "acorn-walk": {
            "version": "7.2.0",
            "resolved": "https://registry.npmjs.org/acorn-walk/-/acorn-walk-7.2.0.tgz",
            "integrity": "sha512-OPdCF6GsMIP+Az+aWfAAOEt2/+iVDKE7oy6lJ098aoe59oAmK76qV6Gw60SbZ8jHuG2wH058GF4pLFbYamYrVA=="
        },
        "ast-types": {
            "version": "0.13.3",
            "resolved": "https://registry.npmjs.org/ast-types/-/ast-types-0.13.3.tgz",
            "integrity": "sha512-XTZ7xGML849LkQP86sWdQzfhwbt3YwIO6MqbX9mUNYY98VKaaVZP7YNNm70IpwecbkkxmfC5IYAzOQ/2p29zRA=="
        },
        "esprima": {
            "version": "4.0.1",
            "resolved": "https://registry.npmjs.org/esprima/-/esprima-4.0.1.tgz",
            "integrity": "sha512-eGuFFw7Upda+g4p+QHvnW0RyTX/SVeJBDM/gCtMARO0cLuT2HcEKnTPvhjV6aGeqrCB/sbNop0Kszm0jsaWU4A=="
        },
        "esprima-walk": {
            "version": "0.1.0",
            "resolved": "https://registry.npmjs.org/esprima-walk/-/esprima-walk-0.1.0.tgz",
            "integrity": "sha1-lTqrI9W5YoIs9B3YLliHkzS6hvo="
        },
        "node-addon-api": {
            "version": "1.7.2",
            "resolved": "https://registry.npmjs.org/node-addon-api/-/node-addon-api-1.7.2.tgz",
            "integrity": "sha512-ibPK3iA+vaY1eEjESkQkM0BbCqFOaZMiXRTtdB0u7b4djtY6JnsjvPdUHVMg6xQt3B8fpTTWHI9A+ADjM9frzg=="
        },
        "private": {
            "version": "0.1.8",
            "resolved": "https://registry.npmjs.org/private/-/private-0.1.8.tgz",
            "integrity": "sha512-VvivMrbvd2nKkiG38qjULzlc+4Vx4wm/whI9pQD35YrARNnhxeiRktSOhSukRLFNlzg6Br/cJPet5J/u19r/mg=="
        },
        "recast": {
            "version": "0.19.1",
            "resolved": "https://registry.npmjs.org/recast/-/recast-0.19.1.tgz",
            "integrity": "sha512-8FCjrBxjeEU2O6I+2hyHyBFH1siJbMBLwIRvVr1T3FD2cL754sOaJDsJ/8h3xYltasbJ8jqWRIhMuDGBSiSbjw==",
            "requires": {
                "ast-types": "0.13.3",
                "esprima": "~4.0.0",
                "private": "^0.1.8",
                "source-map": "~0.6.1"
            }
        },
        "source-map": {
            "version": "0.6.1",
            "resolved": "https://registry.npmjs.org/source-map/-/source-map-0.6.1.tgz",
            "integrity": "sha512-UjgapumWlbMhkBgzT7Ykc5YXUT46F0iKu8SGXq0bcwP5dz/h0Plj6enJqjz1Zbq2l5WaqYnrVbwWOWMyF3F47g=="
        },
        "typescript": {
            "version": "3.9.7",
            "resolved": "https://registry.npmjs.org/typescript/-/typescript-3.9.7.tgz",
            "integrity": "sha512-BLbiRkiBzAwsjut4x/dsibSTB6yWpwT5qWmC2OfuCg3GgVQCSgMs4vEctYPhsaGtd0AeuuHMkjZ2h2WG8MSzRw==",
            "dev": true
        }
    }
}
